{
  "object": {
    "pins": [
      {
        "package": "SceneBox",
        "repositoryURL": "https://github.com/lumiasaki/SceneBox.git",
        "state": {
          "branch": null,
          "revision": "6586041e5e3f1c12a928d90eb7f46b9ccebf04ae",
          "version": "0.3.1"
        }
      }
    ]
  },
  "version": 1
}
