{
  "object": {
    "pins": [
      {
        "package": "SceneBox",
        "repositoryURL": "https://github.com/lumiasaki/SceneBox.git",
        "state": {
          "branch": null,
          "revision": "e6f19e17b3e19f271c189fb0c5e95c5d50e46bf4",
          "version": "0.4.0"
        }
      }
    ]
  },
  "version": 1
}
